
Microsoft Visual Studio Solution File, Format Version 12.00
# Visual Studio Version 16
VisualStudioVersion = 16.0.30621.155
MinimumVisualStudioVersion = 10.0.40219.1
Project("{FAE04EC0-301F-11D3-BF4B-00C04F79EFBC}") = "NeuralNetwork", "NeuralNetwork\NeuralNetwork.csproj", "{70154382-51F5-4C39-9066-5CF27780A5E3}"
EndProject
Global
	GlobalSection(SolutionConfigurationPlatforms) = preSolution
		Debug|Any CPU = Debug|Any CPU
		Release|Any CPU = Release|Any CPU
	EndGlobalSection
	GlobalSection(ProjectConfigurationPlatforms) = postSolution
		{70154382-51F5-4C39-9066-5CF27780A5E3}.Debug|Any CPU.ActiveCfg = Debug|Any CPU
		{70154382-51F5-4C39-9066-5CF27780A5E3}.Debug|Any CPU.Build.0 = Debug|Any CPU
		{70154382-51F5-4C39-9066-5CF27780A5E3}.Release|Any CPU.ActiveCfg = Release|Any CPU
		{70154382-51F5-4C39-9066-5CF27780A5E3}.Release|Any CPU.Build.0 = Release|Any CPU
	EndGlobalSection
	GlobalSection(SolutionProperties) = preSolution
		HideSolutionNode = FALSE
	EndGlobalSection
	GlobalSection(ExtensibilityGlobals) = postSolution
		SolutionGuid = {3F6D6F1F-1E4D-4572-858A-B2222EEDDE33}
	EndGlobalSection
EndGlobal
