
Microsoft Visual Studio Solution File, Format Version 12.00
# Visual Studio Version 16
VisualStudioVersion = 16.0.30621.155
MinimumVisualStudioVersion = 10.0.40219.1
Project("{888888A0-9F3D-457C-B088-3A5042F75D52}") = "RegressionPerceptron", "RegressionPerceptron\RegressionPerceptron.pyproj", "{96185CCC-1A35-4331-9A50-BA928A9A00D8}"
EndProject
Global
	GlobalSection(SolutionConfigurationPlatforms) = preSolution
		Debug|Any CPU = Debug|Any CPU
		Release|Any CPU = Release|Any CPU
	EndGlobalSection
	GlobalSection(ProjectConfigurationPlatforms) = postSolution
		{96185CCC-1A35-4331-9A50-BA928A9A00D8}.Debug|Any CPU.ActiveCfg = Debug|Any CPU
		{96185CCC-1A35-4331-9A50-BA928A9A00D8}.Release|Any CPU.ActiveCfg = Release|Any CPU
	EndGlobalSection
	GlobalSection(SolutionProperties) = preSolution
		HideSolutionNode = FALSE
	EndGlobalSection
	GlobalSection(ExtensibilityGlobals) = postSolution
		SolutionGuid = {2C42FAD2-1593-4078-9035-0D2C7B70DC09}
	EndGlobalSection
EndGlobal
